
Microsoft Visual Studio Solution File, Format Version 12.00
# Visual Studio Version 17
VisualStudioVersion = 17.2.32630.192
MinimumVisualStudioVersion = 10.0.40219.1
Project("{FAE04EC0-301F-11D3-BF4B-00C04F79EFBC}") = "MStore.AdminAPI", "MStore.AdminAPI\MStore.AdminAPI.csproj", "{23343A4B-329F-48A5-8F2B-6F95BF495E34}"
EndProject
Project("{FAE04EC0-301F-11D3-BF4B-00C04F79EFBC}") = "MStore.WebAPI", "MStore.WebAPI\MStore.WebAPI.csproj", "{16F603C4-2094-46B3-957F-28DFE0EA9CCB}"
EndProject
Project("{FAE04EC0-301F-11D3-BF4B-00C04F79EFBC}") = "MStore.Application", "MStore.Application\MStore.Application.csproj", "{3DED9F7A-79D3-4421-9997-D879078A249B}"
EndProject
Project("{FAE04EC0-301F-11D3-BF4B-00C04F79EFBC}") = "MStore.Domain", "MStore.Domain\MStore.Domain.csproj", "{A7DDE99C-3241-4D1F-AE54-A00C0FEE752D}"
EndProject
Project("{FAE04EC0-301F-11D3-BF4B-00C04F79EFBC}") = "WorkFlow.Infrastructure", "WorkFlow.Infrastructure\WorkFlow.Infrastructure.csproj", "{EB595F3D-C141-4303-BE10-DF2C6282B355}"
EndProject
Project("{FAE04EC0-301F-11D3-BF4B-00C04F79EFBC}") = "WorkFlow.Persistence", "WorkFlow.Persistence\WorkFlow.Persistence.csproj", "{95B565FE-783E-486D-89B1-F8594859F195}"
EndProject
Global
	GlobalSection(SolutionConfigurationPlatforms) = preSolution
		Debug|Any CPU = Debug|Any CPU
		Release|Any CPU = Release|Any CPU
	EndGlobalSection
	GlobalSection(ProjectConfigurationPlatforms) = postSolution
		{23343A4B-329F-48A5-8F2B-6F95BF495E34}.Debug|Any CPU.ActiveCfg = Debug|Any CPU
		{23343A4B-329F-48A5-8F2B-6F95BF495E34}.Debug|Any CPU.Build.0 = Debug|Any CPU
		{23343A4B-329F-48A5-8F2B-6F95BF495E34}.Release|Any CPU.ActiveCfg = Release|Any CPU
		{23343A4B-329F-48A5-8F2B-6F95BF495E34}.Release|Any CPU.Build.0 = Release|Any CPU
		{16F603C4-2094-46B3-957F-28DFE0EA9CCB}.Debug|Any CPU.ActiveCfg = Debug|Any CPU
		{16F603C4-2094-46B3-957F-28DFE0EA9CCB}.Debug|Any CPU.Build.0 = Debug|Any CPU
		{16F603C4-2094-46B3-957F-28DFE0EA9CCB}.Release|Any CPU.ActiveCfg = Release|Any CPU
		{16F603C4-2094-46B3-957F-28DFE0EA9CCB}.Release|Any CPU.Build.0 = Release|Any CPU
		{3DED9F7A-79D3-4421-9997-D879078A249B}.Debug|Any CPU.ActiveCfg = Debug|Any CPU
		{3DED9F7A-79D3-4421-9997-D879078A249B}.Debug|Any CPU.Build.0 = Debug|Any CPU
		{3DED9F7A-79D3-4421-9997-D879078A249B}.Release|Any CPU.ActiveCfg = Release|Any CPU
		{3DED9F7A-79D3-4421-9997-D879078A249B}.Release|Any CPU.Build.0 = Release|Any CPU
		{A7DDE99C-3241-4D1F-AE54-A00C0FEE752D}.Debug|Any CPU.ActiveCfg = Debug|Any CPU
		{A7DDE99C-3241-4D1F-AE54-A00C0FEE752D}.Debug|Any CPU.Build.0 = Debug|Any CPU
		{A7DDE99C-3241-4D1F-AE54-A00C0FEE752D}.Release|Any CPU.ActiveCfg = Release|Any CPU
		{A7DDE99C-3241-4D1F-AE54-A00C0FEE752D}.Release|Any CPU.Build.0 = Release|Any CPU
		{EB595F3D-C141-4303-BE10-DF2C6282B355}.Debug|Any CPU.ActiveCfg = Debug|Any CPU
		{EB595F3D-C141-4303-BE10-DF2C6282B355}.Debug|Any CPU.Build.0 = Debug|Any CPU
		{EB595F3D-C141-4303-BE10-DF2C6282B355}.Release|Any CPU.ActiveCfg = Release|Any CPU
		{EB595F3D-C141-4303-BE10-DF2C6282B355}.Release|Any CPU.Build.0 = Release|Any CPU
		{95B565FE-783E-486D-89B1-F8594859F195}.Debug|Any CPU.ActiveCfg = Debug|Any CPU
		{95B565FE-783E-486D-89B1-F8594859F195}.Debug|Any CPU.Build.0 = Debug|Any CPU
		{95B565FE-783E-486D-89B1-F8594859F195}.Release|Any CPU.ActiveCfg = Release|Any CPU
		{95B565FE-783E-486D-89B1-F8594859F195}.Release|Any CPU.Build.0 = Release|Any CPU
	EndGlobalSection
	GlobalSection(SolutionProperties) = preSolution
		HideSolutionNode = FALSE
	EndGlobalSection
	GlobalSection(ExtensibilityGlobals) = postSolution
		SolutionGuid = {68768C69-E864-468D-B49B-5CAC694DA61E}
	EndGlobalSection
EndGlobal
